
Microsoft Visual Studio Solution File, Format Version 12.00
# Visual Studio Version 17
VisualStudioVersion = 17.4.33110.190
MinimumVisualStudioVersion = 10.0.40219.1
Project("{FAE04EC0-301F-11D3-BF4B-00C04F79EFBC}") = "Final-Project-OOP", "Final-Project-OOP\Final-Project-OOP.csproj", "{7AD039A6-2356-4D0F-912B-97E0C28895AF}"
EndProject
Global
	GlobalSection(SolutionConfigurationPlatforms) = preSolution
		Debug|Any CPU = Debug|Any CPU
		Release|Any CPU = Release|Any CPU
	EndGlobalSection
	GlobalSection(ProjectConfigurationPlatforms) = postSolution
		{7AD039A6-2356-4D0F-912B-97E0C28895AF}.Debug|Any CPU.ActiveCfg = Debug|Any CPU
		{7AD039A6-2356-4D0F-912B-97E0C28895AF}.Debug|Any CPU.Build.0 = Debug|Any CPU
		{7AD039A6-2356-4D0F-912B-97E0C28895AF}.Release|Any CPU.ActiveCfg = Release|Any CPU
		{7AD039A6-2356-4D0F-912B-97E0C28895AF}.Release|Any CPU.Build.0 = Release|Any CPU
	EndGlobalSection
	GlobalSection(SolutionProperties) = preSolution
		HideSolutionNode = FALSE
	EndGlobalSection
	GlobalSection(ExtensibilityGlobals) = postSolution
		SolutionGuid = {0E5C185F-7702-4D2F-891B-BCDE9EE21A98}
	EndGlobalSection
EndGlobal
